
Microsoft Visual Studio Solution File, Format Version 12.00
# Visual Studio Version 17
VisualStudioVersion = 17.1.32421.90
MinimumVisualStudioVersion = 10.0.40219.1
Project("{8BC9CEB8-8B4A-11D0-8D11-00A0C91BC942}") = "RoflCasino", "source\RoflCasino.vcxproj", "{5F68EC59-DF1E-4586-B753-81294C39F8CF}"
EndProject
Global
	GlobalSection(SolutionConfigurationPlatforms) = preSolution
		RoflCasino|Emscripten = RoflCasino|Emscripten
		RoflCasino|x64 = RoflCasino|x64
		Tests|Emscripten = Tests|Emscripten
		Tests|x64 = Tests|x64
	EndGlobalSection
	GlobalSection(ProjectConfigurationPlatforms) = postSolution
		{5F68EC59-DF1E-4586-B753-81294C39F8CF}.RoflCasino|Emscripten.ActiveCfg = RoflCasino|Emscripten
		{5F68EC59-DF1E-4586-B753-81294C39F8CF}.RoflCasino|Emscripten.Build.0 = RoflCasino|Emscripten
		{5F68EC59-DF1E-4586-B753-81294C39F8CF}.RoflCasino|x64.ActiveCfg = RoflCasino|x64
		{5F68EC59-DF1E-4586-B753-81294C39F8CF}.RoflCasino|x64.Build.0 = RoflCasino|x64
		{5F68EC59-DF1E-4586-B753-81294C39F8CF}.Tests|Emscripten.ActiveCfg = Tests|Emscripten
		{5F68EC59-DF1E-4586-B753-81294C39F8CF}.Tests|Emscripten.Build.0 = Tests|Emscripten
		{5F68EC59-DF1E-4586-B753-81294C39F8CF}.Tests|x64.ActiveCfg = Tests|x64
		{5F68EC59-DF1E-4586-B753-81294C39F8CF}.Tests|x64.Build.0 = Tests|x64
	EndGlobalSection
	GlobalSection(SolutionProperties) = preSolution
		HideSolutionNode = FALSE
	EndGlobalSection
	GlobalSection(ExtensibilityGlobals) = postSolution
		SolutionGuid = {7AA026FA-E3BE-470E-9BCC-C86B8F5AD25F}
	EndGlobalSection
EndGlobal
