
Microsoft Visual Studio Solution File, Format Version 12.00
# Visual Studio Version 17
VisualStudioVersion = 17.1.32421.90
MinimumVisualStudioVersion = 10.0.40219.1
Project("{8BC9CEB8-8B4A-11D0-8D11-00A0C91BC942}") = "RoflCasino", "RoflCasino.vcxproj", "{5F68EC59-DF1E-4586-B753-81294C39F8CF}"
EndProject
Global
	GlobalSection(SolutionConfigurationPlatforms) = preSolution
		Debug|Emscripten = Debug|Emscripten
		Release|Emscripten = Release|Emscripten
	EndGlobalSection
	GlobalSection(ProjectConfigurationPlatforms) = postSolution
		{5F68EC59-DF1E-4586-B753-81294C39F8CF}.Debug|Emscripten.ActiveCfg = Debug|Emscripten
		{5F68EC59-DF1E-4586-B753-81294C39F8CF}.Debug|Emscripten.Build.0 = Debug|Emscripten
		{5F68EC59-DF1E-4586-B753-81294C39F8CF}.Release|Emscripten.ActiveCfg = Release|Emscripten
		{5F68EC59-DF1E-4586-B753-81294C39F8CF}.Release|Emscripten.Build.0 = Release|Emscripten
	EndGlobalSection
	GlobalSection(SolutionProperties) = preSolution
		HideSolutionNode = FALSE
	EndGlobalSection
	GlobalSection(ExtensibilityGlobals) = postSolution
		SolutionGuid = {7AA026FA-E3BE-470E-9BCC-C86B8F5AD25F}
	EndGlobalSection
EndGlobal
